// !$*UTF8*$!
{
	archiveVersion = 1;
	classes = {
	};
	objectVersion = 50;
	objects = {

/* Begin PBXBuildFile section */
		2CB3052F23992E6200752FDA /* DMNEntry.m in Sources */ = {isa = PBXBuildFile; fileRef = 2CB3052E23992E6200752FDA /* DMNEntry.m */; };
		2CB3053223992EDE00752FDA /* DMNEntryController.m in Sources */ = {isa = PBXBuildFile; fileRef = 2CB3053123992EDE00752FDA /* DMNEntryController.m */; };
		2CB305382399306C00752FDA /* DMNEntryListTableViewController.m in Sources */ = {isa = PBXBuildFile; fileRef = 2CB305372399306C00752FDA /* DMNEntryListTableViewController.m */; };
		2CB3053B2399308400752FDA /* DMNEntryDetailViewController.m in Sources */ = {isa = PBXBuildFile; fileRef = 2CB3053A2399308400752FDA /* DMNEntryDetailViewController.m */; };
		2CF83B4F23987C3900CEAF92 /* AppDelegate.m in Sources */ = {isa = PBXBuildFile; fileRef = 2CF83B4E23987C3900CEAF92 /* AppDelegate.m */; };
		2CF83B5223987C3900CEAF92 /* SceneDelegate.m in Sources */ = {isa = PBXBuildFile; fileRef = 2CF83B5123987C3900CEAF92 /* SceneDelegate.m */; };
		2CF83B5823987C3900CEAF92 /* Main.storyboard in Resources */ = {isa = PBXBuildFile; fileRef = 2CF83B5623987C3900CEAF92 /* Main.storyboard */; };
		2CF83B5A23987C3B00CEAF92 /* Assets.xcassets in Resources */ = {isa = PBXBuildFile; fileRef = 2CF83B5923987C3B00CEAF92 /* Assets.xcassets */; };
		2CF83B5D23987C3B00CEAF92 /* LaunchScreen.storyboard in Resources */ = {isa = PBXBuildFile; fileRef = 2CF83B5B23987C3B00CEAF92 /* LaunchScreen.storyboard */; };
		2CF83B6023987C3B00CEAF92 /* main.m in Sources */ = {isa = PBXBuildFile; fileRef = 2CF83B5F23987C3B00CEAF92 /* main.m */; };
/* End PBXBuildFile section */

/* Begin PBXFileReference section */
		2CB3052D23992E6200752FDA /* DMNEntry.h */ = {isa = PBXFileReference; lastKnownFileType = sourcecode.c.h; path = DMNEntry.h; sourceTree = "<group>"; };
		2CB3052E23992E6200752FDA /* DMNEntry.m */ = {isa = PBXFileReference; lastKnownFileType = sourcecode.c.objc; path = DMNEntry.m; sourceTree = "<group>"; };
		2CB3053023992EDE00752FDA /* DMNEntryController.h */ = {isa = PBXFileReference; lastKnownFileType = sourcecode.c.h; path = DMNEntryController.h; sourceTree = "<group>"; };
		2CB3053123992EDE00752FDA /* DMNEntryController.m */ = {isa = PBXFileReference; lastKnownFileType = sourcecode.c.objc; path = DMNEntryController.m; sourceTree = "<group>"; };
		2CB305362399306C00752FDA /* DMNEntryListTableViewController.h */ = {isa = PBXFileReference; lastKnownFileType = sourcecode.c.h; path = DMNEntryListTableViewController.h; sourceTree = "<group>"; };
		2CB305372399306C00752FDA /* DMNEntryListTableViewController.m */ = {isa = PBXFileReference; lastKnownFileType = sourcecode.c.objc; path = DMNEntryListTableViewController.m; sourceTree = "<group>"; };
		2CB305392399308400752FDA /* DMNEntryDetailViewController.h */ = {isa = PBXFileReference; lastKnownFileType = sourcecode.c.h; path = DMNEntryDetailViewController.h; sourceTree = "<group>"; };
		2CB3053A2399308400752FDA /* DMNEntryDetailViewController.m */ = {isa = PBXFileReference; lastKnownFileType = sourcecode.c.objc; path = DMNEntryDetailViewController.m; sourceTree = "<group>"; };
		2CF83B4A23987C3900CEAF92 /* Journal-C-Master.app */ = {isa = PBXFileReference; explicitFileType = wrapper.application; includeInIndex = 0; path = "Journal-C-Master.app"; sourceTree = BUILT_PRODUCTS_DIR; };
		2CF83B4D23987C3900CEAF92 /* AppDelegate.h */ = {isa = PBXFileReference; lastKnownFileType = sourcecode.c.h; path = AppDelegate.h; sourceTree = "<group>"; };
		2CF83B4E23987C3900CEAF92 /* AppDelegate.m */ = {isa = PBXFileReference; lastKnownFileType = sourcecode.c.objc; path = AppDelegate.m; sourceTree = "<group>"; };
		2CF83B5023987C3900CEAF92 /* SceneDelegate.h */ = {isa = PBXFileReference; lastKnownFileType = sourcecode.c.h; path = SceneDelegate.h; sourceTree = "<group>"; };
		2CF83B5123987C3900CEAF92 /* SceneDelegate.m */ = {isa = PBXFileReference; lastKnownFileType = sourcecode.c.objc; path = SceneDelegate.m; sourceTree = "<group>"; };
		2CF83B5723987C3900CEAF92 /* Base */ = {isa = PBXFileReference; lastKnownFileType = file.storyboard; name = Base; path = Base.lproj/Main.storyboard; sourceTree = "<group>"; };
		2CF83B5923987C3B00CEAF92 /* Assets.xcassets */ = {isa = PBXFileReference; lastKnownFileType = folder.assetcatalog; path = Assets.xcassets; sourceTree = "<group>"; };
		2CF83B5C23987C3B00CEAF92 /* Base */ = {isa = PBXFileReference; lastKnownFileType = file.storyboard; name = Base; path = Base.lproj/LaunchScreen.storyboard; sourceTree = "<group>"; };
		2CF83B5E23987C3B00CEAF92 /* Info.plist */ = {isa = PBXFileReference; lastKnownFileType = text.plist.xml; path = Info.plist; sourceTree = "<group>"; };
		2CF83B5F23987C3B00CEAF92 /* main.m */ = {isa = PBXFileReference; lastKnownFileType = sourcecode.c.objc; path = main.m; sourceTree = "<group>"; };
/* End PBXFileReference section */

/* Begin PBXFrameworksBuildPhase section */
		2CF83B4723987C3900CEAF92 /* Frameworks */ = {
			isa = PBXFrameworksBuildPhase;
			buildActionMask = 2147483647;
			files = (
			);
			runOnlyForDeploymentPostprocessing = 0;
		};
/* End PBXFrameworksBuildPhase section */

/* Begin PBXGroup section */
		2CB3052823992D1100752FDA /* Resources */ = {
			isa = PBXGroup;
			children = (
				2CF83B4D23987C3900CEAF92 /* AppDelegate.h */,
				2CF83B4E23987C3900CEAF92 /* AppDelegate.m */,
				2CF83B5023987C3900CEAF92 /* SceneDelegate.h */,
				2CF83B5123987C3900CEAF92 /* SceneDelegate.m */,
				2CF83B5923987C3B00CEAF92 /* Assets.xcassets */,
				2CF83B5B23987C3B00CEAF92 /* LaunchScreen.storyboard */,
				2CF83B5E23987C3B00CEAF92 /* Info.plist */,
				2CF83B5F23987C3B00CEAF92 /* main.m */,
			);
			path = Resources;
			sourceTree = "<group>";
		};
		2CB3052923992D2E00752FDA /* ViewControllers */ = {
			isa = PBXGroup;
			children = (
				2CB305362399306C00752FDA /* DMNEntryListTableViewController.h */,
				2CB305372399306C00752FDA /* DMNEntryListTableViewController.m */,
				2CB305392399308400752FDA /* DMNEntryDetailViewController.h */,
				2CB3053A2399308400752FDA /* DMNEntryDetailViewController.m */,
			);
			path = ViewControllers;
			sourceTree = "<group>";
		};
		2CB3052A23992D3900752FDA /* ModelControllers */ = {
			isa = PBXGroup;
			children = (
				2CB3053023992EDE00752FDA /* DMNEntryController.h */,
				2CB3053123992EDE00752FDA /* DMNEntryController.m */,
			);
			path = ModelControllers;
			sourceTree = "<group>";
		};
		2CB3052B23992D4200752FDA /* Models */ = {
			isa = PBXGroup;
			children = (
				2CB3052D23992E6200752FDA /* DMNEntry.h */,
				2CB3052E23992E6200752FDA /* DMNEntry.m */,
			);
			path = Models;
			sourceTree = "<group>";
		};
		2CB3052C23992D4E00752FDA /* UI */ = {
			isa = PBXGroup;
			children = (
				2CF83B5623987C3900CEAF92 /* Main.storyboard */,
			);
			path = UI;
			sourceTree = "<group>";
		};
		2CF83B4123987C3900CEAF92 = {
			isa = PBXGroup;
			children = (
				2CF83B4C23987C3900CEAF92 /* Journal-C */,
				2CF83B4B23987C3900CEAF92 /* Products */,
				2CB3052823992D1100752FDA /* Resources */,
			);
			sourceTree = "<group>";
		};
		2CF83B4B23987C3900CEAF92 /* Products */ = {
			isa = PBXGroup;
			children = (
				2CF83B4A23987C3900CEAF92 /* Journal-C-Master.app */,
			);
			name = Products;
			sourceTree = "<group>";
		};
		2CF83B4C23987C3900CEAF92 /* Journal-C */ = {
			isa = PBXGroup;
			children = (
				2CB3052C23992D4E00752FDA /* UI */,
				2CB3052B23992D4200752FDA /* Models */,
				2CB3052A23992D3900752FDA /* ModelControllers */,
				2CB3052923992D2E00752FDA /* ViewControllers */,
			);
			path = "Journal-C";
			sourceTree = "<group>";
		};
/* End PBXGroup section */

/* Begin PBXNativeTarget section */
		2CF83B4923987C3900CEAF92 /* Journal-C-Master */ = {
			isa = PBXNativeTarget;
			buildConfigurationList = 2CF83B6323987C3B00CEAF92 /* Build configuration list for PBXNativeTarget "Journal-C-Master" */;
			buildPhases = (
				2CF83B4623987C3900CEAF92 /* Sources */,
				2CF83B4723987C3900CEAF92 /* Frameworks */,
				2CF83B4823987C3900CEAF92 /* Resources */,
			);
			buildRules = (
			);
			dependencies = (
			);
			name = "Journal-C-Master";
			productName = "Journal-C-Master";
			productReference = 2CF83B4A23987C3900CEAF92 /* Journal-C-Master.app */;
			productType = "com.apple.product-type.application";
		};
/* End PBXNativeTarget section */

/* Begin PBXProject section */
		2CF83B4223987C3900CEAF92 /* Project object */ = {
			isa = PBXProject;
			attributes = {
				CLASSPREFIX = DMN;
				LastUpgradeCheck = 1120;
				ORGANIZATIONNAME = "Renaissance Apps";
				TargetAttributes = {
					2CF83B4923987C3900CEAF92 = {
						CreatedOnToolsVersion = 11.2.1;
					};
				};
			};
			buildConfigurationList = 2CF83B4523987C3900CEAF92 /* Build configuration list for PBXProject "Journal-C" */;
			compatibilityVersion = "Xcode 9.3";
			developmentRegion = en;
			hasScannedForEncodings = 0;
			knownRegions = (
				en,
				Base,
			);
			mainGroup = 2CF83B4123987C3900CEAF92;
			productRefGroup = 2CF83B4B23987C3900CEAF92 /* Products */;
			projectDirPath = "";
			projectRoot = "";
			targets = (
				2CF83B4923987C3900CEAF92 /* Journal-C-Master */,
			);
		};
/* End PBXProject section */

/* Begin PBXResourcesBuildPhase section */
		2CF83B4823987C3900CEAF92 /* Resources */ = {
			isa = PBXResourcesBuildPhase;
			buildActionMask = 2147483647;
			files = (
				2CF83B5D23987C3B00CEAF92 /* LaunchScreen.storyboard in Resources */,
				2CF83B5A23987C3B00CEAF92 /* Assets.xcassets in Resources */,
				2CF83B5823987C3900CEAF92 /* Main.storyboard in Resources */,
			);
			runOnlyForDeploymentPostprocessing = 0;
		};
/* End PBXResourcesBuildPhase section */

/* Begin PBXSourcesBuildPhase section */
		2CF83B4623987C3900CEAF92 /* Sources */ = {
			isa = PBXSourcesBuildPhase;
			buildActionMask = 2147483647;
			files = (
				2CF83B4F23987C3900CEAF92 /* AppDelegate.m in Sources */,
				2CF83B6023987C3B00CEAF92 /* main.m in Sources */,
				2CB3053223992EDE00752FDA /* DMNEntryController.m in Sources */,
				2CB3052F23992E6200752FDA /* DMNEntry.m in Sources */,
				2CB3053B2399308400752FDA /* DMNEntryDetailViewController.m in Sources */,
				2CB305382399306C00752FDA /* DMNEntryListTableViewController.m in Sources */,
				2CF83B5223987C3900CEAF92 /* SceneDelegate.m in Sources */,
			);
			runOnlyForDeploymentPostprocessing = 0;
		};
/* End PBXSourcesBuildPhase section */

/* Begin PBXVariantGroup section */
		2CF83B5623987C3900CEAF92 /* Main.storyboard */ = {
			isa = PBXVariantGroup;
			children = (
				2CF83B5723987C3900CEAF92 /* Base */,
			);
			name = Main.storyboard;
			sourceTree = "<group>";
		};
		2CF83B5B23987C3B00CEAF92 /* LaunchScreen.storyboard */ = {
			isa = PBXVariantGroup;
			children = (
				2CF83B5C23987C3B00CEAF92 /* Base */,
			);
			name = LaunchScreen.storyboard;
			sourceTree = "<group>";
		};
/* End PBXVariantGroup section */

/* Begin XCBuildConfiguration section */
		2CF83B6123987C3B00CEAF92 /* Debug */ = {
			isa = XCBuildConfiguration;
			buildSettings = {
				ALWAYS_SEARCH_USER_PATHS = NO;
				CLANG_ANALYZER_NONNULL = YES;
				CLANG_ANALYZER_NUMBER_OBJECT_CONVERSION = YES_AGGRESSIVE;
				CLANG_CXX_LANGUAGE_STANDARD = "gnu++14";
				CLANG_CXX_LIBRARY = "libc++";
				CLANG_ENABLE_MODULES = YES;
				CLANG_ENABLE_OBJC_ARC = YES;
				CLANG_ENABLE_OBJC_WEAK = YES;
				CLANG_WARN_BLOCK_CAPTURE_AUTORELEASING = YES;
				CLANG_WARN_BOOL_CONVERSION = YES;
				CLANG_WARN_COMMA = YES;
				CLANG_WARN_CONSTANT_CONVERSION = YES;
				CLANG_WARN_DEPRECATED_OBJC_IMPLEMENTATIONS = YES;
				CLANG_WARN_DIRECT_OBJC_ISA_USAGE = YES_ERROR;
				CLANG_WARN_DOCUMENTATION_COMMENTS = YES;
				CLANG_WARN_EMPTY_BODY = YES;
				CLANG_WARN_ENUM_CONVERSION = YES;
				CLANG_WARN_INFINITE_RECURSION = YES;
				CLANG_WARN_INT_CONVERSION = YES;
				CLANG_WARN_NON_LITERAL_NULL_CONVERSION = YES;
				CLANG_WARN_OBJC_IMPLICIT_RETAIN_SELF = YES;
				CLANG_WARN_OBJC_LITERAL_CONVERSION = YES;
				CLANG_WARN_OBJC_ROOT_CLASS = YES_ERROR;
				CLANG_WARN_RANGE_LOOP_ANALYSIS = YES;
				CLANG_WARN_STRICT_PROTOTYPES = YES;
				CLANG_WARN_SUSPICIOUS_MOVE = YES;
				CLANG_WARN_UNGUARDED_AVAILABILITY = YES_AGGRESSIVE;
				CLANG_WARN_UNREACHABLE_CODE = YES;
				CLANG_WARN__DUPLICATE_METHOD_MATCH = YES;
				COPY_PHASE_STRIP = NO;
				DEBUG_INFORMATION_FORMAT = dwarf;
				ENABLE_STRICT_OBJC_MSGSEND = YES;
				ENABLE_TESTABILITY = YES;
				GCC_C_LANGUAGE_STANDARD = gnu11;
				GCC_DYNAMIC_NO_PIC = NO;
				GCC_NO_COMMON_BLOCKS = YES;
				GCC_OPTIMIZATION_LEVEL = 0;
				GCC_PREPROCESSOR_DEFINITIONS = (
					"DEBUG=1",
					"$(inherited)",
				);
				GCC_WARN_64_TO_32_BIT_CONVERSION = YES;
				GCC_WARN_ABOUT_RETURN_TYPE = YES_ERROR;
				GCC_WARN_UNDECLARED_SELECTOR = YES;
				GCC_WARN_UNINITIALIZED_AUTOS = YES_AGGRESSIVE;
				GCC_WARN_UNUSED_FUNCTION = YES;
				GCC_WARN_UNUSED_VARIABLE = YES;
				IPHONEOS_DEPLOYMENT_TARGET = 13.2;
				MTL_ENABLE_DEBUG_INFO = INCLUDE_SOURCE;
				MTL_FAST_MATH = YES;
				ONLY_ACTIVE_ARCH = YES;
				SDKROOT = iphoneos;
			};
			name = Debug;
		};
		2CF83B6223987C3B00CEAF92 /* Release */ = {
			isa = XCBuildConfiguration;
			buildSettings = {
				ALWAYS_SEARCH_USER_PATHS = NO;
				CLANG_ANALYZER_NONNULL = YES;
				CLANG_ANALYZER_NUMBER_OBJECT_CONVERSION = YES_AGGRESSIVE;
				CLANG_CXX_LANGUAGE_STANDARD = "gnu++14";
				CLANG_CXX_LIBRARY = "libc++";
				CLANG_ENABLE_MODULES = YES;
				CLANG_ENABLE_OBJC_ARC = YES;
				CLANG_ENABLE_OBJC_WEAK = YES;
				CLANG_WARN_BLOCK_CAPTURE_AUTORELEASING = YES;
				CLANG_WARN_BOOL_CONVERSION = YES;
				CLANG_WARN_COMMA = YES;
				CLANG_WARN_CONSTANT_CONVERSION = YES;
				CLANG_WARN_DEPRECATED_OBJC_IMPLEMENTATIONS = YES;
				CLANG_WARN_DIRECT_OBJC_ISA_USAGE = YES_ERROR;
				CLANG_WARN_DOCUMENTATION_COMMENTS = YES;
				CLANG_WARN_EMPTY_BODY = YES;
				CLANG_WARN_ENUM_CONVERSION = YES;
				CLANG_WARN_INFINITE_RECURSION = YES;
				CLANG_WARN_INT_CONVERSION = YES;
				CLANG_WARN_NON_LITERAL_NULL_CONVERSION = YES;
				CLANG_WARN_OBJC_IMPLICIT_RETAIN_SELF = YES;
				CLANG_WARN_OBJC_LITERAL_CONVERSION = YES;
				CLANG_WARN_OBJC_ROOT_CLASS = YES_ERROR;
				CLANG_WARN_RANGE_LOOP_ANALYSIS = YES;
				CLANG_WARN_STRICT_PROTOTYPES = YES;
				CLANG_WARN_SUSPICIOUS_MOVE = YES;
				CLANG_WARN_UNGUARDED_AVAILABILITY = YES_AGGRESSIVE;
				CLANG_WARN_UNREACHABLE_CODE = YES;
				CLANG_WARN__DUPLICATE_METHOD_MATCH = YES;
				COPY_PHASE_STRIP = NO;
				DEBUG_INFORMATION_FORMAT = "dwarf-with-dsym";
				ENABLE_NS_ASSERTIONS = NO;
				ENABLE_STRICT_OBJC_MSGSEND = YES;
				GCC_C_LANGUAGE_STANDARD = gnu11;
				GCC_NO_COMMON_BLOCKS = YES;
				GCC_WARN_64_TO_32_BIT_CONVERSION = YES;
				GCC_WARN_ABOUT_RETURN_TYPE = YES_ERROR;
				GCC_WARN_UNDECLARED_SELECTOR = YES;
				GCC_WARN_UNINITIALIZED_AUTOS = YES_AGGRESSIVE;
				GCC_WARN_UNUSED_FUNCTION = YES;
				GCC_WARN_UNUSED_VARIABLE = YES;
				IPHONEOS_DEPLOYMENT_TARGET = 13.2;
				MTL_ENABLE_DEBUG_INFO = NO;
				MTL_FAST_MATH = YES;
				SDKROOT = iphoneos;
				VALIDATE_PRODUCT = YES;
			};
			name = Release;
		};
		2CF83B6423987C3B00CEAF92 /* Debug */ = {
			isa = XCBuildConfiguration;
			buildSettings = {
				ASSETCATALOG_COMPILER_APPICON_NAME = AppIcon;
				CODE_SIGN_STYLE = Automatic;
				INFOPLIST_FILE = "$(SRCROOT)/Resources/Info.plist";
				LD_RUNPATH_SEARCH_PATHS = (
					"$(inherited)",
					"@executable_path/Frameworks",
				);
				PRODUCT_BUNDLE_IDENTIFIER = "com.RenaissanceApps.Journal-C";
				PRODUCT_NAME = "$(TARGET_NAME)";
				TARGETED_DEVICE_FAMILY = "1,2";
			};
			name = Debug;
		};
		2CF83B6523987C3B00CEAF92 /* Release */ = {
			isa = XCBuildConfiguration;
			buildSettings = {
				ASSETCATALOG_COMPILER_APPICON_NAME = AppIcon;
				CODE_SIGN_STYLE = Automatic;
				INFOPLIST_FILE = "$(SRCROOT)/Resources/Info.plist";
				LD_RUNPATH_SEARCH_PATHS = (
					"$(inherited)",
					"@executable_path/Frameworks",
				);
				PRODUCT_BUNDLE_IDENTIFIER = "com.RenaissanceApps.Journal-C";
				PRODUCT_NAME = "$(TARGET_NAME)";
				TARGETED_DEVICE_FAMILY = "1,2";
			};
			name = Release;
		};
/* End XCBuildConfiguration section */

/* Begin XCConfigurationList section */
		2CF83B4523987C3900CEAF92 /* Build configuration list for PBXProject "Journal-C" */ = {
			isa = XCConfigurationList;
			buildConfigurations = (
				2CF83B6123987C3B00CEAF92 /* Debug */,
				2CF83B6223987C3B00CEAF92 /* Release */,
			);
			defaultConfigurationIsVisible = 0;
			defaultConfigurationName = Release;
		};
		2CF83B6323987C3B00CEAF92 /* Build configuration list for PBXNativeTarget "Journal-C-Master" */ = {
			isa = XCConfigurationList;
			buildConfigurations = (
				2CF83B6423987C3B00CEAF92 /* Debug */,
				2CF83B6523987C3B00CEAF92 /* Release */,
			);
			defaultConfigurationIsVisible = 0;
			defaultConfigurationName = Release;
		};
/* End XCConfigurationList section */
	};
	rootObject = 2CF83B4223987C3900CEAF92 /* Project object */;
}
